
Microsoft Visual Studio Solution File, Format Version 12.00
# Visual Studio Version 17
VisualStudioVersion = 17.8.34525.116
MinimumVisualStudioVersion = 10.0.40219.1
Project("{FAE04EC0-301F-11D3-BF4B-00C04F79EFBC}") = "Task1", "Task1\Task1.csproj", "{48F859AB-8E8E-4D37-90F5-E198058908E2}"
EndProject
Global
	GlobalSection(SolutionConfigurationPlatforms) = preSolution
		Debug|Any CPU = Debug|Any CPU
		Release|Any CPU = Release|Any CPU
	EndGlobalSection
	GlobalSection(ProjectConfigurationPlatforms) = postSolution
		{48F859AB-8E8E-4D37-90F5-E198058908E2}.Debug|Any CPU.ActiveCfg = Debug|Any CPU
		{48F859AB-8E8E-4D37-90F5-E198058908E2}.Debug|Any CPU.Build.0 = Debug|Any CPU
		{48F859AB-8E8E-4D37-90F5-E198058908E2}.Release|Any CPU.ActiveCfg = Release|Any CPU
		{48F859AB-8E8E-4D37-90F5-E198058908E2}.Release|Any CPU.Build.0 = Release|Any CPU
	EndGlobalSection
	GlobalSection(SolutionProperties) = preSolution
		HideSolutionNode = FALSE
	EndGlobalSection
	GlobalSection(ExtensibilityGlobals) = postSolution
		SolutionGuid = {22DCDB1E-B5F6-40A1-9E97-09900729C8E7}
	EndGlobalSection
EndGlobal
